
Microsoft Visual Studio Solution File, Format Version 12.00
# Visual Studio Version 17
VisualStudioVersion = 17.8.34322.80
MinimumVisualStudioVersion = 10.0.40219.1
Project("{FAE04EC0-301F-11D3-BF4B-00C04F79EFBC}") = "Practicheskaya1", "Practicheskaya1\Practicheskaya1.csproj", "{1FAC452E-3F14-4C04-9CF7-DC75806FF1A0}"
EndProject
Global
	GlobalSection(SolutionConfigurationPlatforms) = preSolution
		Debug|Any CPU = Debug|Any CPU
		Release|Any CPU = Release|Any CPU
	EndGlobalSection
	GlobalSection(ProjectConfigurationPlatforms) = postSolution
		{1FAC452E-3F14-4C04-9CF7-DC75806FF1A0}.Debug|Any CPU.ActiveCfg = Debug|Any CPU
		{1FAC452E-3F14-4C04-9CF7-DC75806FF1A0}.Debug|Any CPU.Build.0 = Debug|Any CPU
		{1FAC452E-3F14-4C04-9CF7-DC75806FF1A0}.Release|Any CPU.ActiveCfg = Release|Any CPU
		{1FAC452E-3F14-4C04-9CF7-DC75806FF1A0}.Release|Any CPU.Build.0 = Release|Any CPU
	EndGlobalSection
	GlobalSection(SolutionProperties) = preSolution
		HideSolutionNode = FALSE
	EndGlobalSection
	GlobalSection(ExtensibilityGlobals) = postSolution
		SolutionGuid = {BB13D907-A97B-4073-881F-E22C4B69A758}
	EndGlobalSection
EndGlobal
